
Microsoft Visual Studio Solution File, Format Version 12.00
# Visual Studio Version 17
VisualStudioVersion = 17.4.33103.184
MinimumVisualStudioVersion = 10.0.40219.1
Project("{FAE04EC0-301F-11D3-BF4B-00C04F79EFBC}") = "UrunTakip", "UrunTakip\UrunTakip.csproj", "{1B4DB5DB-27C1-4289-A55D-C7D7F4BA980B}"
EndProject
Project("{54435603-DBB4-11D2-8724-00A0C9A8B90C}") = "Ürün Takip", "Ürün Takip\Ürün Takip.vdproj", "{4A85A23C-A90C-4658-A52E-AC51E1439D8B}"
EndProject
Global
	GlobalSection(SolutionConfigurationPlatforms) = preSolution
		Debug|Any CPU = Debug|Any CPU
		Release|Any CPU = Release|Any CPU
	EndGlobalSection
	GlobalSection(ProjectConfigurationPlatforms) = postSolution
		{1B4DB5DB-27C1-4289-A55D-C7D7F4BA980B}.Debug|Any CPU.ActiveCfg = Debug|Any CPU
		{1B4DB5DB-27C1-4289-A55D-C7D7F4BA980B}.Debug|Any CPU.Build.0 = Debug|Any CPU
		{1B4DB5DB-27C1-4289-A55D-C7D7F4BA980B}.Release|Any CPU.ActiveCfg = Release|Any CPU
		{1B4DB5DB-27C1-4289-A55D-C7D7F4BA980B}.Release|Any CPU.Build.0 = Release|Any CPU
		{4A85A23C-A90C-4658-A52E-AC51E1439D8B}.Debug|Any CPU.ActiveCfg = Debug
		{4A85A23C-A90C-4658-A52E-AC51E1439D8B}.Release|Any CPU.ActiveCfg = Release
	EndGlobalSection
	GlobalSection(SolutionProperties) = preSolution
		HideSolutionNode = FALSE
	EndGlobalSection
	GlobalSection(ExtensibilityGlobals) = postSolution
		SolutionGuid = {2B538191-6FF8-4038-9AF9-D1557916CE37}
	EndGlobalSection
EndGlobal
